
Microsoft Visual Studio Solution File, Format Version 12.00
# Visual Studio Version 17
VisualStudioVersion = 17.10.35027.167
MinimumVisualStudioVersion = 10.0.40219.1
Project("{FAE04EC0-301F-11D3-BF4B-00C04F79EFBC}") = "feedback", "feedback\feedback.csproj", "{B9412EC0-51B4-4B3C-9DCE-C3C58023F23A}"
EndProject
Global
	GlobalSection(SolutionConfigurationPlatforms) = preSolution
		Debug|Any CPU = Debug|Any CPU
		Release|Any CPU = Release|Any CPU
	EndGlobalSection
	GlobalSection(ProjectConfigurationPlatforms) = postSolution
		{B9412EC0-51B4-4B3C-9DCE-C3C58023F23A}.Debug|Any CPU.ActiveCfg = Debug|Any CPU
		{B9412EC0-51B4-4B3C-9DCE-C3C58023F23A}.Debug|Any CPU.Build.0 = Debug|Any CPU
		{B9412EC0-51B4-4B3C-9DCE-C3C58023F23A}.Release|Any CPU.ActiveCfg = Release|Any CPU
		{B9412EC0-51B4-4B3C-9DCE-C3C58023F23A}.Release|Any CPU.Build.0 = Release|Any CPU
	EndGlobalSection
	GlobalSection(SolutionProperties) = preSolution
		HideSolutionNode = FALSE
	EndGlobalSection
	GlobalSection(ExtensibilityGlobals) = postSolution
		SolutionGuid = {9C1CBE03-2463-4598-B41A-B48038982FF8}
	EndGlobalSection
EndGlobal
